
Microsoft Visual Studio Solution File, Format Version 12.00
# Visual Studio Version 16
VisualStudioVersion = 16.0.31624.102
MinimumVisualStudioVersion = 10.0.40219.1
Project("{FAE04EC0-301F-11D3-BF4B-00C04F79EFBC}") = "ReadExcelFile", "ReadExcelFile\ReadExcelFile.csproj", "{D9F73BDB-2CCE-43B1-B31E-3E08B8024287}"
EndProject
Global
	GlobalSection(SolutionConfigurationPlatforms) = preSolution
		Debug|Any CPU = Debug|Any CPU
		Release|Any CPU = Release|Any CPU
	EndGlobalSection
	GlobalSection(ProjectConfigurationPlatforms) = postSolution
		{D9F73BDB-2CCE-43B1-B31E-3E08B8024287}.Debug|Any CPU.ActiveCfg = Debug|Any CPU
		{D9F73BDB-2CCE-43B1-B31E-3E08B8024287}.Debug|Any CPU.Build.0 = Debug|Any CPU
		{D9F73BDB-2CCE-43B1-B31E-3E08B8024287}.Release|Any CPU.ActiveCfg = Release|Any CPU
		{D9F73BDB-2CCE-43B1-B31E-3E08B8024287}.Release|Any CPU.Build.0 = Release|Any CPU
	EndGlobalSection
	GlobalSection(SolutionProperties) = preSolution
		HideSolutionNode = FALSE
	EndGlobalSection
	GlobalSection(ExtensibilityGlobals) = postSolution
		SolutionGuid = {76C5223A-B352-47BF-AFE3-59483BB5195A}
	EndGlobalSection
EndGlobal
