
Microsoft Visual Studio Solution File, Format Version 12.00
# Visual Studio Version 16
VisualStudioVersion = 16.0.31624.102
MinimumVisualStudioVersion = 10.0.40219.1
Project("{FAE04EC0-301F-11D3-BF4B-00C04F79EFBC}") = "ExcelData", "ExcelData\ExcelData.csproj", "{9926B46B-23CE-4FCA-919D-E0787AADC396}"
EndProject
Global
	GlobalSection(SolutionConfigurationPlatforms) = preSolution
		Debug|Any CPU = Debug|Any CPU
		Release|Any CPU = Release|Any CPU
	EndGlobalSection
	GlobalSection(ProjectConfigurationPlatforms) = postSolution
		{9926B46B-23CE-4FCA-919D-E0787AADC396}.Debug|Any CPU.ActiveCfg = Debug|Any CPU
		{9926B46B-23CE-4FCA-919D-E0787AADC396}.Debug|Any CPU.Build.0 = Debug|Any CPU
		{9926B46B-23CE-4FCA-919D-E0787AADC396}.Release|Any CPU.ActiveCfg = Release|Any CPU
		{9926B46B-23CE-4FCA-919D-E0787AADC396}.Release|Any CPU.Build.0 = Release|Any CPU
	EndGlobalSection
	GlobalSection(SolutionProperties) = preSolution
		HideSolutionNode = FALSE
	EndGlobalSection
	GlobalSection(ExtensibilityGlobals) = postSolution
		SolutionGuid = {A9AAFE00-C403-4729-B947-8F6624D424D1}
	EndGlobalSection
EndGlobal
