
Microsoft Visual Studio Solution File, Format Version 12.00
# Visual Studio Version 16
VisualStudioVersion = 16.0.31624.102
MinimumVisualStudioVersion = 10.0.40219.1
Project("{FAE04EC0-301F-11D3-BF4B-00C04F79EFBC}") = "CRUDwithAPI", "CRUDwithAPI\CRUDwithAPI.csproj", "{8DC09BDA-0252-4916-B5B5-6D3DF0513921}"
EndProject
Global
	GlobalSection(SolutionConfigurationPlatforms) = preSolution
		Debug|Any CPU = Debug|Any CPU
		Release|Any CPU = Release|Any CPU
	EndGlobalSection
	GlobalSection(ProjectConfigurationPlatforms) = postSolution
		{8DC09BDA-0252-4916-B5B5-6D3DF0513921}.Debug|Any CPU.ActiveCfg = Debug|Any CPU
		{8DC09BDA-0252-4916-B5B5-6D3DF0513921}.Debug|Any CPU.Build.0 = Debug|Any CPU
		{8DC09BDA-0252-4916-B5B5-6D3DF0513921}.Release|Any CPU.ActiveCfg = Release|Any CPU
		{8DC09BDA-0252-4916-B5B5-6D3DF0513921}.Release|Any CPU.Build.0 = Release|Any CPU
	EndGlobalSection
	GlobalSection(SolutionProperties) = preSolution
		HideSolutionNode = FALSE
	EndGlobalSection
	GlobalSection(ExtensibilityGlobals) = postSolution
		SolutionGuid = {7BEEA4A7-0E70-4E69-B126-8E14F368E13B}
	EndGlobalSection
EndGlobal
