
Microsoft Visual Studio Solution File, Format Version 12.00
# Visual Studio Version 16
VisualStudioVersion = 16.0.31624.102
MinimumVisualStudioVersion = 10.0.40219.1
Project("{FAE04EC0-301F-11D3-BF4B-00C04F79EFBC}") = "StudentExamProject", "StudentExamProject\StudentExamProject.csproj", "{8288EAD9-2FD3-4E2A-9BD9-F9DC88F3E13A}"
EndProject
Global
	GlobalSection(SolutionConfigurationPlatforms) = preSolution
		Debug|Any CPU = Debug|Any CPU
		Release|Any CPU = Release|Any CPU
	EndGlobalSection
	GlobalSection(ProjectConfigurationPlatforms) = postSolution
		{8288EAD9-2FD3-4E2A-9BD9-F9DC88F3E13A}.Debug|Any CPU.ActiveCfg = Debug|Any CPU
		{8288EAD9-2FD3-4E2A-9BD9-F9DC88F3E13A}.Debug|Any CPU.Build.0 = Debug|Any CPU
		{8288EAD9-2FD3-4E2A-9BD9-F9DC88F3E13A}.Release|Any CPU.ActiveCfg = Release|Any CPU
		{8288EAD9-2FD3-4E2A-9BD9-F9DC88F3E13A}.Release|Any CPU.Build.0 = Release|Any CPU
	EndGlobalSection
	GlobalSection(SolutionProperties) = preSolution
		HideSolutionNode = FALSE
	EndGlobalSection
	GlobalSection(ExtensibilityGlobals) = postSolution
		SolutionGuid = {AE8F980B-9074-4DDB-AE96-B89ADC8320DD}
	EndGlobalSection
EndGlobal
