
Microsoft Visual Studio Solution File, Format Version 12.00
# Visual Studio Version 16
VisualStudioVersion = 16.0.31624.102
MinimumVisualStudioVersion = 10.0.40219.1
Project("{FAE04EC0-301F-11D3-BF4B-00C04F79EFBC}") = "xcelData", "xcelData\xcelData.csproj", "{BCFF8F0B-591A-4C5B-AFC6-6AF3E0D3175F}"
EndProject
Global
	GlobalSection(SolutionConfigurationPlatforms) = preSolution
		Debug|Any CPU = Debug|Any CPU
		Release|Any CPU = Release|Any CPU
	EndGlobalSection
	GlobalSection(ProjectConfigurationPlatforms) = postSolution
		{BCFF8F0B-591A-4C5B-AFC6-6AF3E0D3175F}.Debug|Any CPU.ActiveCfg = Debug|Any CPU
		{BCFF8F0B-591A-4C5B-AFC6-6AF3E0D3175F}.Debug|Any CPU.Build.0 = Debug|Any CPU
		{BCFF8F0B-591A-4C5B-AFC6-6AF3E0D3175F}.Release|Any CPU.ActiveCfg = Release|Any CPU
		{BCFF8F0B-591A-4C5B-AFC6-6AF3E0D3175F}.Release|Any CPU.Build.0 = Release|Any CPU
	EndGlobalSection
	GlobalSection(SolutionProperties) = preSolution
		HideSolutionNode = FALSE
	EndGlobalSection
	GlobalSection(ExtensibilityGlobals) = postSolution
		SolutionGuid = {6ED16DF3-838B-4082-AF49-0F8625DC9380}
	EndGlobalSection
EndGlobal
