
Microsoft Visual Studio Solution File, Format Version 12.00
# Visual Studio Version 16
VisualStudioVersion = 16.0.31729.503
MinimumVisualStudioVersion = 10.0.40219.1
Project("{FAE04EC0-301F-11D3-BF4B-00C04F79EFBC}") = "Jquery+CRUD", "Jquery+CRUD\Jquery+CRUD.csproj", "{4FE607E7-09AF-4ED6-9B98-9F7448341AC9}"
EndProject
Global
	GlobalSection(SolutionConfigurationPlatforms) = preSolution
		Debug|Any CPU = Debug|Any CPU
		Release|Any CPU = Release|Any CPU
	EndGlobalSection
	GlobalSection(ProjectConfigurationPlatforms) = postSolution
		{4FE607E7-09AF-4ED6-9B98-9F7448341AC9}.Debug|Any CPU.ActiveCfg = Debug|Any CPU
		{4FE607E7-09AF-4ED6-9B98-9F7448341AC9}.Debug|Any CPU.Build.0 = Debug|Any CPU
		{4FE607E7-09AF-4ED6-9B98-9F7448341AC9}.Release|Any CPU.ActiveCfg = Release|Any CPU
		{4FE607E7-09AF-4ED6-9B98-9F7448341AC9}.Release|Any CPU.Build.0 = Release|Any CPU
	EndGlobalSection
	GlobalSection(SolutionProperties) = preSolution
		HideSolutionNode = FALSE
	EndGlobalSection
	GlobalSection(ExtensibilityGlobals) = postSolution
		SolutionGuid = {256CE3C4-1815-4077-8C46-A6436F82299E}
	EndGlobalSection
EndGlobal
