
Microsoft Visual Studio Solution File, Format Version 12.00
# Visual Studio Version 16
VisualStudioVersion = 16.0.31624.102
MinimumVisualStudioVersion = 10.0.40219.1
Project("{FAE04EC0-301F-11D3-BF4B-00C04F79EFBC}") = "jQGrid", "jQGrid\jQGrid.csproj", "{0F1E662E-B6E3-447F-9C8A-A9638B2BD998}"
EndProject
Global
	GlobalSection(SolutionConfigurationPlatforms) = preSolution
		Debug|Any CPU = Debug|Any CPU
		Release|Any CPU = Release|Any CPU
	EndGlobalSection
	GlobalSection(ProjectConfigurationPlatforms) = postSolution
		{0F1E662E-B6E3-447F-9C8A-A9638B2BD998}.Debug|Any CPU.ActiveCfg = Debug|Any CPU
		{0F1E662E-B6E3-447F-9C8A-A9638B2BD998}.Debug|Any CPU.Build.0 = Debug|Any CPU
		{0F1E662E-B6E3-447F-9C8A-A9638B2BD998}.Release|Any CPU.ActiveCfg = Release|Any CPU
		{0F1E662E-B6E3-447F-9C8A-A9638B2BD998}.Release|Any CPU.Build.0 = Release|Any CPU
	EndGlobalSection
	GlobalSection(SolutionProperties) = preSolution
		HideSolutionNode = FALSE
	EndGlobalSection
	GlobalSection(ExtensibilityGlobals) = postSolution
		SolutionGuid = {5EBE884A-AB9A-46F3-9C70-7A4633296E65}
	EndGlobalSection
EndGlobal
